
Microsoft Visual Studio Solution File, Format Version 12.00
# Visual Studio Version 16
VisualStudioVersion = 16.0.32901.82
MinimumVisualStudioVersion = 10.0.40219.1
Project("{FAE04EC0-301F-11D3-BF4B-00C04F79EFBC}") = "HRMSProject", "HRMSProject\HRMSProject.csproj", "{B1FACB30-75A5-491C-B64E-138E55A3BC23}"
EndProject
Global
	GlobalSection(SolutionConfigurationPlatforms) = preSolution
		Debug|Any CPU = Debug|Any CPU
		Release|Any CPU = Release|Any CPU
	EndGlobalSection
	GlobalSection(ProjectConfigurationPlatforms) = postSolution
		{B1FACB30-75A5-491C-B64E-138E55A3BC23}.Debug|Any CPU.ActiveCfg = Debug|Any CPU
		{B1FACB30-75A5-491C-B64E-138E55A3BC23}.Debug|Any CPU.Build.0 = Debug|Any CPU
		{B1FACB30-75A5-491C-B64E-138E55A3BC23}.Release|Any CPU.ActiveCfg = Release|Any CPU
		{B1FACB30-75A5-491C-B64E-138E55A3BC23}.Release|Any CPU.Build.0 = Release|Any CPU
	EndGlobalSection
	GlobalSection(SolutionProperties) = preSolution
		HideSolutionNode = FALSE
	EndGlobalSection
	GlobalSection(ExtensibilityGlobals) = postSolution
		SolutionGuid = {68195B97-D6DE-4473-A7BB-5F0767EFEF69}
	EndGlobalSection
EndGlobal
